// !$*UTF8*$!
{
	archiveVersion = 1;
	classes = {
	};
	objectVersion = 46;
	objects = {

/* Begin PBXBuildFile section */
		B630AE9D1C110A280062255F /* pocketpets.cpp in Sources */ = {isa = PBXBuildFile; fileRef = B630AE9C1C110A280062255F /* pocketpets.cpp */; };
		B630AEA51C110A450062255F /* Animal.cpp in Sources */ = {isa = PBXBuildFile; fileRef = B630AEA31C110A450062255F /* Animal.cpp */; };
		B630AEA81C110A5D0062255F /* Elephant.cpp in Sources */ = {isa = PBXBuildFile; fileRef = B630AEA61C110A5D0062255F /* Elephant.cpp */; };
/* End PBXBuildFile section */

/* Begin PBXCopyFilesBuildPhase section */
		B630AE971C110A280062255F /* CopyFiles */ = {
			isa = PBXCopyFilesBuildPhase;
			buildActionMask = 2147483647;
			dstPath = /usr/share/man/man1/;
			dstSubfolderSpec = 0;
			files = (
			);
			runOnlyForDeploymentPostprocessing = 1;
		};
/* End PBXCopyFilesBuildPhase section */

/* Begin PBXFileReference section */
		B630AE991C110A280062255F /* homework12 */ = {isa = PBXFileReference; explicitFileType = "compiled.mach-o.executable"; includeInIndex = 0; path = homework12; sourceTree = BUILT_PRODUCTS_DIR; };
		B630AE9C1C110A280062255F /* pocketpets.cpp */ = {isa = PBXFileReference; lastKnownFileType = sourcecode.cpp.cpp; path = pocketpets.cpp; sourceTree = "<group>"; };
		B630AEA31C110A450062255F /* Animal.cpp */ = {isa = PBXFileReference; fileEncoding = 4; lastKnownFileType = sourcecode.cpp.cpp; path = Animal.cpp; sourceTree = "<group>"; };
		B630AEA41C110A450062255F /* Animal.h */ = {isa = PBXFileReference; fileEncoding = 4; lastKnownFileType = sourcecode.c.h; path = Animal.h; sourceTree = "<group>"; };
		B630AEA61C110A5D0062255F /* Elephant.cpp */ = {isa = PBXFileReference; fileEncoding = 4; lastKnownFileType = sourcecode.cpp.cpp; path = Elephant.cpp; sourceTree = "<group>"; };
		B630AEA71C110A5D0062255F /* Elephant.h */ = {isa = PBXFileReference; fileEncoding = 4; lastKnownFileType = sourcecode.c.h; path = Elephant.h; sourceTree = "<group>"; };
/* End PBXFileReference section */

/* Begin PBXFrameworksBuildPhase section */
		B630AE961C110A280062255F /* Frameworks */ = {
			isa = PBXFrameworksBuildPhase;
			buildActionMask = 2147483647;
			files = (
			);
			runOnlyForDeploymentPostprocessing = 0;
		};
/* End PBXFrameworksBuildPhase section */

/* Begin PBXGroup section */
		B630AE901C110A280062255F = {
			isa = PBXGroup;
			children = (
				B630AE9B1C110A280062255F /* homework12 */,
				B630AE9A1C110A280062255F /* Products */,
			);
			sourceTree = "<group>";
		};
		B630AE9A1C110A280062255F /* Products */ = {
			isa = PBXGroup;
			children = (
				B630AE991C110A280062255F /* homework12 */,
			);
			name = Products;
			sourceTree = "<group>";
		};
		B630AE9B1C110A280062255F /* homework12 */ = {
			isa = PBXGroup;
			children = (
				B630AE9C1C110A280062255F /* pocketpets.cpp */,
				B630AEA31C110A450062255F /* Animal.cpp */,
				B630AEA41C110A450062255F /* Animal.h */,
				B630AEA61C110A5D0062255F /* Elephant.cpp */,
				B630AEA71C110A5D0062255F /* Elephant.h */,
			);
			path = homework12;
			sourceTree = "<group>";
		};
/* End PBXGroup section */

/* Begin PBXNativeTarget section */
		B630AE981C110A280062255F /* homework12 */ = {
			isa = PBXNativeTarget;
			buildConfigurationList = B630AEA01C110A280062255F /* Build configuration list for PBXNativeTarget "homework12" */;
			buildPhases = (
				B630AE951C110A280062255F /* Sources */,
				B630AE961C110A280062255F /* Frameworks */,
				B630AE971C110A280062255F /* CopyFiles */,
			);
			buildRules = (
			);
			dependencies = (
			);
			name = homework12;
			productName = homework12;
			productReference = B630AE991C110A280062255F /* homework12 */;
			productType = "com.apple.product-type.tool";
		};
/* End PBXNativeTarget section */

/* Begin PBXProject section */
		B630AE911C110A280062255F /* Project object */ = {
			isa = PBXProject;
			attributes = {
				LastUpgradeCheck = 0640;
				ORGANIZATIONNAME = PujaPatel;
				TargetAttributes = {
					B630AE981C110A280062255F = {
						CreatedOnToolsVersion = 6.4;
					};
				};
			};
			buildConfigurationList = B630AE941C110A280062255F /* Build configuration list for PBXProject "homework12" */;
			compatibilityVersion = "Xcode 3.2";
			developmentRegion = English;
			hasScannedForEncodings = 0;
			knownRegions = (
				en,
			);
			mainGroup = B630AE901C110A280062255F;
			productRefGroup = B630AE9A1C110A280062255F /* Products */;
			projectDirPath = "";
			projectRoot = "";
			targets = (
				B630AE981C110A280062255F /* homework12 */,
			);
		};
/* End PBXProject section */

/* Begin PBXSourcesBuildPhase section */
		B630AE951C110A280062255F /* Sources */ = {
			isa = PBXSourcesBuildPhase;
			buildActionMask = 2147483647;
			files = (
				B630AE9D1C110A280062255F /* pocketpets.cpp in Sources */,
				B630AEA51C110A450062255F /* Animal.cpp in Sources */,
				B630AEA81C110A5D0062255F /* Elephant.cpp in Sources */,
			);
			runOnlyForDeploymentPostprocessing = 0;
		};
/* End PBXSourcesBuildPhase section */

/* Begin XCBuildConfiguration section */
		B630AE9E1C110A280062255F /* Debug */ = {
			isa = XCBuildConfiguration;
			buildSettings = {
				ALWAYS_SEARCH_USER_PATHS = NO;
				CLANG_CXX_LANGUAGE_STANDARD = "gnu++0x";
				CLANG_CXX_LIBRARY = "libc++";
				CLANG_ENABLE_MODULES = YES;
				CLANG_ENABLE_OBJC_ARC = YES;
				CLANG_WARN_BOOL_CONVERSION = YES;
				CLANG_WARN_CONSTANT_CONVERSION = YES;
				CLANG_WARN_DIRECT_OBJC_ISA_USAGE = YES_ERROR;
				CLANG_WARN_EMPTY_BODY = YES;
				CLANG_WARN_ENUM_CONVERSION = YES;
				CLANG_WARN_INT_CONVERSION = YES;
				CLANG_WARN_OBJC_ROOT_CLASS = YES_ERROR;
				CLANG_WARN_UNREACHABLE_CODE = YES;
				CLANG_WARN__DUPLICATE_METHOD_MATCH = YES;
				COPY_PHASE_STRIP = NO;
				DEBUG_INFORMATION_FORMAT = dwarf;
				ENABLE_STRICT_OBJC_MSGSEND = YES;
				GCC_C_LANGUAGE_STANDARD = gnu99;
				GCC_DYNAMIC_NO_PIC = NO;
				GCC_NO_COMMON_BLOCKS = YES;
				GCC_OPTIMIZATION_LEVEL = 0;
				GCC_PREPROCESSOR_DEFINITIONS = (
					"DEBUG=1",
					"$(inherited)",
				);
				GCC_SYMBOLS_PRIVATE_EXTERN = NO;
				GCC_WARN_64_TO_32_BIT_CONVERSION = YES;
				GCC_WARN_ABOUT_RETURN_TYPE = YES_ERROR;
				GCC_WARN_UNDECLARED_SELECTOR = YES;
				GCC_WARN_UNINITIALIZED_AUTOS = YES_AGGRESSIVE;
				GCC_WARN_UNUSED_FUNCTION = YES;
				GCC_WARN_UNUSED_VARIABLE = YES;
				MACOSX_DEPLOYMENT_TARGET = 10.10;
				MTL_ENABLE_DEBUG_INFO = YES;
				ONLY_ACTIVE_ARCH = YES;
				SDKROOT = macosx;
			};
			name = Debug;
		};
		B630AE9F1C110A280062255F /* Release */ = {
			isa = XCBuildConfiguration;
			buildSettings = {
				ALWAYS_SEARCH_USER_PATHS = NO;
				CLANG_CXX_LANGUAGE_STANDARD = "gnu++0x";
				CLANG_CXX_LIBRARY = "libc++";
				CLANG_ENABLE_MODULES = YES;
				CLANG_ENABLE_OBJC_ARC = YES;
				CLANG_WARN_BOOL_CONVERSION = YES;
				CLANG_WARN_CONSTANT_CONVERSION = YES;
				CLANG_WARN_DIRECT_OBJC_ISA_USAGE = YES_ERROR;
				CLANG_WARN_EMPTY_BODY = YES;
				CLANG_WARN_ENUM_CONVERSION = YES;
				CLANG_WARN_INT_CONVERSION = YES;
				CLANG_WARN_OBJC_ROOT_CLASS = YES_ERROR;
				CLANG_WARN_UNREACHABLE_CODE = YES;
				CLANG_WARN__DUPLICATE_METHOD_MATCH = YES;
				COPY_PHASE_STRIP = NO;
				DEBUG_INFORMATION_FORMAT = "dwarf-with-dsym";
				ENABLE_NS_ASSERTIONS = NO;
				ENABLE_STRICT_OBJC_MSGSEND = YES;
				GCC_C_LANGUAGE_STANDARD = gnu99;
				GCC_NO_COMMON_BLOCKS = YES;
				GCC_WARN_64_TO_32_BIT_CONVERSION = YES;
				GCC_WARN_ABOUT_RETURN_TYPE = YES_ERROR;
				GCC_WARN_UNDECLARED_SELECTOR = YES;
				GCC_WARN_UNINITIALIZED_AUTOS = YES_AGGRESSIVE;
				GCC_WARN_UNUSED_FUNCTION = YES;
				GCC_WARN_UNUSED_VARIABLE = YES;
				MACOSX_DEPLOYMENT_TARGET = 10.10;
				MTL_ENABLE_DEBUG_INFO = NO;
				SDKROOT = macosx;
			};
			name = Release;
		};
		B630AEA11C110A280062255F /* Debug */ = {
			isa = XCBuildConfiguration;
			buildSettings = {
				PRODUCT_NAME = "$(TARGET_NAME)";
			};
			name = Debug;
		};
		B630AEA21C110A280062255F /* Release */ = {
			isa = XCBuildConfiguration;
			buildSettings = {
				PRODUCT_NAME = "$(TARGET_NAME)";
			};
			name = Release;
		};
/* End XCBuildConfiguration section */

/* Begin XCConfigurationList section */
		B630AE941C110A280062255F /* Build configuration list for PBXProject "homework12" */ = {
			isa = XCConfigurationList;
			buildConfigurations = (
				B630AE9E1C110A280062255F /* Debug */,
				B630AE9F1C110A280062255F /* Release */,
			);
			defaultConfigurationIsVisible = 0;
			defaultConfigurationName = Release;
		};
		B630AEA01C110A280062255F /* Build configuration list for PBXNativeTarget "homework12" */ = {
			isa = XCConfigurationList;
			buildConfigurations = (
				B630AEA11C110A280062255F /* Debug */,
				B630AEA21C110A280062255F /* Release */,
			);
			defaultConfigurationIsVisible = 0;
		};
/* End XCConfigurationList section */
	};
	rootObject = B630AE911C110A280062255F /* Project object */;
}
