// !$*UTF8*$!
{
	archiveVersion = 1;
	classes = {
	};
	objectVersion = 46;
	objects = {

/* Begin PBXBuildFile section */
		B64EC8DE1BF1692F004F9116 /* main.cpp in Sources */ = {isa = PBXBuildFile; fileRef = B64EC8DD1BF1692F004F9116 /* main.cpp */; };
		B64EC8E71BF16AFA004F9116 /* AddressBook.cpp in Sources */ = {isa = PBXBuildFile; fileRef = B64EC8E51BF16AFA004F9116 /* AddressBook.cpp */; };
/* End PBXBuildFile section */

/* Begin PBXCopyFilesBuildPhase section */
		B64EC8D81BF1692F004F9116 /* CopyFiles */ = {
			isa = PBXCopyFilesBuildPhase;
			buildActionMask = 2147483647;
			dstPath = /usr/share/man/man1/;
			dstSubfolderSpec = 0;
			files = (
			);
			runOnlyForDeploymentPostprocessing = 1;
		};
/* End PBXCopyFilesBuildPhase section */

/* Begin PBXFileReference section */
		B64EC8DA1BF1692F004F9116 /* Lab20 */ = {isa = PBXFileReference; explicitFileType = "compiled.mach-o.executable"; includeInIndex = 0; path = Lab20; sourceTree = BUILT_PRODUCTS_DIR; };
		B64EC8DD1BF1692F004F9116 /* main.cpp */ = {isa = PBXFileReference; lastKnownFileType = sourcecode.cpp.cpp; path = main.cpp; sourceTree = "<group>"; };
		B64EC8E41BF1694B004F9116 /* AddressBook.h */ = {isa = PBXFileReference; fileEncoding = 4; lastKnownFileType = sourcecode.c.h; path = AddressBook.h; sourceTree = "<group>"; };
		B64EC8E51BF16AFA004F9116 /* AddressBook.cpp */ = {isa = PBXFileReference; fileEncoding = 4; lastKnownFileType = sourcecode.cpp.cpp; path = AddressBook.cpp; sourceTree = "<group>"; };
/* End PBXFileReference section */

/* Begin PBXFrameworksBuildPhase section */
		B64EC8D71BF1692F004F9116 /* Frameworks */ = {
			isa = PBXFrameworksBuildPhase;
			buildActionMask = 2147483647;
			files = (
			);
			runOnlyForDeploymentPostprocessing = 0;
		};
/* End PBXFrameworksBuildPhase section */

/* Begin PBXGroup section */
		B64EC8D11BF1692E004F9116 = {
			isa = PBXGroup;
			children = (
				B64EC8DC1BF1692F004F9116 /* Lab20 */,
				B64EC8DB1BF1692F004F9116 /* Products */,
			);
			sourceTree = "<group>";
		};
		B64EC8DB1BF1692F004F9116 /* Products */ = {
			isa = PBXGroup;
			children = (
				B64EC8DA1BF1692F004F9116 /* Lab20 */,
			);
			name = Products;
			sourceTree = "<group>";
		};
		B64EC8DC1BF1692F004F9116 /* Lab20 */ = {
			isa = PBXGroup;
			children = (
				B64EC8DD1BF1692F004F9116 /* main.cpp */,
				B64EC8E41BF1694B004F9116 /* AddressBook.h */,
				B64EC8E51BF16AFA004F9116 /* AddressBook.cpp */,
			);
			path = Lab20;
			sourceTree = "<group>";
		};
/* End PBXGroup section */

/* Begin PBXNativeTarget section */
		B64EC8D91BF1692F004F9116 /* Lab20 */ = {
			isa = PBXNativeTarget;
			buildConfigurationList = B64EC8E11BF1692F004F9116 /* Build configuration list for PBXNativeTarget "Lab20" */;
			buildPhases = (
				B64EC8D61BF1692F004F9116 /* Sources */,
				B64EC8D71BF1692F004F9116 /* Frameworks */,
				B64EC8D81BF1692F004F9116 /* CopyFiles */,
			);
			buildRules = (
			);
			dependencies = (
			);
			name = Lab20;
			productName = Lab20;
			productReference = B64EC8DA1BF1692F004F9116 /* Lab20 */;
			productType = "com.apple.product-type.tool";
		};
/* End PBXNativeTarget section */

/* Begin PBXProject section */
		B64EC8D21BF1692E004F9116 /* Project object */ = {
			isa = PBXProject;
			attributes = {
				LastUpgradeCheck = 0640;
				ORGANIZATIONNAME = PujaPatel;
				TargetAttributes = {
					B64EC8D91BF1692F004F9116 = {
						CreatedOnToolsVersion = 6.4;
					};
				};
			};
			buildConfigurationList = B64EC8D51BF1692E004F9116 /* Build configuration list for PBXProject "Lab20" */;
			compatibilityVersion = "Xcode 3.2";
			developmentRegion = English;
			hasScannedForEncodings = 0;
			knownRegions = (
				en,
			);
			mainGroup = B64EC8D11BF1692E004F9116;
			productRefGroup = B64EC8DB1BF1692F004F9116 /* Products */;
			projectDirPath = "";
			projectRoot = "";
			targets = (
				B64EC8D91BF1692F004F9116 /* Lab20 */,
			);
		};
/* End PBXProject section */

/* Begin PBXSourcesBuildPhase section */
		B64EC8D61BF1692F004F9116 /* Sources */ = {
			isa = PBXSourcesBuildPhase;
			buildActionMask = 2147483647;
			files = (
				B64EC8E71BF16AFA004F9116 /* AddressBook.cpp in Sources */,
				B64EC8DE1BF1692F004F9116 /* main.cpp in Sources */,
			);
			runOnlyForDeploymentPostprocessing = 0;
		};
/* End PBXSourcesBuildPhase section */

/* Begin XCBuildConfiguration section */
		B64EC8DF1BF1692F004F9116 /* Debug */ = {
			isa = XCBuildConfiguration;
			buildSettings = {
				ALWAYS_SEARCH_USER_PATHS = NO;
				CLANG_CXX_LANGUAGE_STANDARD = "gnu++0x";
				CLANG_CXX_LIBRARY = "libc++";
				CLANG_ENABLE_MODULES = YES;
				CLANG_ENABLE_OBJC_ARC = YES;
				CLANG_WARN_BOOL_CONVERSION = YES;
				CLANG_WARN_CONSTANT_CONVERSION = YES;
				CLANG_WARN_DIRECT_OBJC_ISA_USAGE = YES_ERROR;
				CLANG_WARN_EMPTY_BODY = YES;
				CLANG_WARN_ENUM_CONVERSION = YES;
				CLANG_WARN_INT_CONVERSION = YES;
				CLANG_WARN_OBJC_ROOT_CLASS = YES_ERROR;
				CLANG_WARN_UNREACHABLE_CODE = YES;
				CLANG_WARN__DUPLICATE_METHOD_MATCH = YES;
				COPY_PHASE_STRIP = NO;
				DEBUG_INFORMATION_FORMAT = dwarf;
				ENABLE_STRICT_OBJC_MSGSEND = YES;
				GCC_C_LANGUAGE_STANDARD = gnu99;
				GCC_DYNAMIC_NO_PIC = NO;
				GCC_NO_COMMON_BLOCKS = YES;
				GCC_OPTIMIZATION_LEVEL = 0;
				GCC_PREPROCESSOR_DEFINITIONS = (
					"DEBUG=1",
					"$(inherited)",
				);
				GCC_SYMBOLS_PRIVATE_EXTERN = NO;
				GCC_WARN_64_TO_32_BIT_CONVERSION = YES;
				GCC_WARN_ABOUT_RETURN_TYPE = YES_ERROR;
				GCC_WARN_UNDECLARED_SELECTOR = YES;
				GCC_WARN_UNINITIALIZED_AUTOS = YES_AGGRESSIVE;
				GCC_WARN_UNUSED_FUNCTION = YES;
				GCC_WARN_UNUSED_VARIABLE = YES;
				MACOSX_DEPLOYMENT_TARGET = 10.10;
				MTL_ENABLE_DEBUG_INFO = YES;
				ONLY_ACTIVE_ARCH = YES;
				SDKROOT = macosx;
			};
			name = Debug;
		};
		B64EC8E01BF1692F004F9116 /* Release */ = {
			isa = XCBuildConfiguration;
			buildSettings = {
				ALWAYS_SEARCH_USER_PATHS = NO;
				CLANG_CXX_LANGUAGE_STANDARD = "gnu++0x";
				CLANG_CXX_LIBRARY = "libc++";
				CLANG_ENABLE_MODULES = YES;
				CLANG_ENABLE_OBJC_ARC = YES;
				CLANG_WARN_BOOL_CONVERSION = YES;
				CLANG_WARN_CONSTANT_CONVERSION = YES;
				CLANG_WARN_DIRECT_OBJC_ISA_USAGE = YES_ERROR;
				CLANG_WARN_EMPTY_BODY = YES;
				CLANG_WARN_ENUM_CONVERSION = YES;
				CLANG_WARN_INT_CONVERSION = YES;
				CLANG_WARN_OBJC_ROOT_CLASS = YES_ERROR;
				CLANG_WARN_UNREACHABLE_CODE = YES;
				CLANG_WARN__DUPLICATE_METHOD_MATCH = YES;
				COPY_PHASE_STRIP = NO;
				DEBUG_INFORMATION_FORMAT = "dwarf-with-dsym";
				ENABLE_NS_ASSERTIONS = NO;
				ENABLE_STRICT_OBJC_MSGSEND = YES;
				GCC_C_LANGUAGE_STANDARD = gnu99;
				GCC_NO_COMMON_BLOCKS = YES;
				GCC_WARN_64_TO_32_BIT_CONVERSION = YES;
				GCC_WARN_ABOUT_RETURN_TYPE = YES_ERROR;
				GCC_WARN_UNDECLARED_SELECTOR = YES;
				GCC_WARN_UNINITIALIZED_AUTOS = YES_AGGRESSIVE;
				GCC_WARN_UNUSED_FUNCTION = YES;
				GCC_WARN_UNUSED_VARIABLE = YES;
				MACOSX_DEPLOYMENT_TARGET = 10.10;
				MTL_ENABLE_DEBUG_INFO = NO;
				SDKROOT = macosx;
			};
			name = Release;
		};
		B64EC8E21BF1692F004F9116 /* Debug */ = {
			isa = XCBuildConfiguration;
			buildSettings = {
				PRODUCT_NAME = "$(TARGET_NAME)";
			};
			name = Debug;
		};
		B64EC8E31BF1692F004F9116 /* Release */ = {
			isa = XCBuildConfiguration;
			buildSettings = {
				PRODUCT_NAME = "$(TARGET_NAME)";
			};
			name = Release;
		};
/* End XCBuildConfiguration section */

/* Begin XCConfigurationList section */
		B64EC8D51BF1692E004F9116 /* Build configuration list for PBXProject "Lab20" */ = {
			isa = XCConfigurationList;
			buildConfigurations = (
				B64EC8DF1BF1692F004F9116 /* Debug */,
				B64EC8E01BF1692F004F9116 /* Release */,
			);
			defaultConfigurationIsVisible = 0;
			defaultConfigurationName = Release;
		};
		B64EC8E11BF1692F004F9116 /* Build configuration list for PBXNativeTarget "Lab20" */ = {
			isa = XCConfigurationList;
			buildConfigurations = (
				B64EC8E21BF1692F004F9116 /* Debug */,
				B64EC8E31BF1692F004F9116 /* Release */,
			);
			defaultConfigurationIsVisible = 0;
		};
/* End XCConfigurationList section */
	};
	rootObject = B64EC8D21BF1692E004F9116 /* Project object */;
}
